
Microsoft Visual Studio Solution File, Format Version 12.00
# Visual Studio Version 16
VisualStudioVersion = 16.0.30114.105
MinimumVisualStudioVersion = 10.0.40219.1
Project("{FAE04EC0-301F-11D3-BF4B-00C04F79EFBC}") = "Functions101", "Functions101\Functions101.csproj", "{856F916B-6F2E-4F61-A2AD-6045AD01A382}"
EndProject
Project("{FAE04EC0-301F-11D3-BF4B-00C04F79EFBC}") = "Client", "Client\Client.csproj", "{F65BD872-F15A-46FD-BE18-4DA4D16889FC}"
EndProject
Global
	GlobalSection(SolutionConfigurationPlatforms) = preSolution
		Debug|Any CPU = Debug|Any CPU
		Release|Any CPU = Release|Any CPU
	EndGlobalSection
	GlobalSection(SolutionProperties) = preSolution
		HideSolutionNode = FALSE
	EndGlobalSection
	GlobalSection(ProjectConfigurationPlatforms) = postSolution
		{856F916B-6F2E-4F61-A2AD-6045AD01A382}.Debug|Any CPU.ActiveCfg = Debug|Any CPU
		{856F916B-6F2E-4F61-A2AD-6045AD01A382}.Debug|Any CPU.Build.0 = Debug|Any CPU
		{856F916B-6F2E-4F61-A2AD-6045AD01A382}.Release|Any CPU.ActiveCfg = Release|Any CPU
		{856F916B-6F2E-4F61-A2AD-6045AD01A382}.Release|Any CPU.Build.0 = Release|Any CPU
		{F65BD872-F15A-46FD-BE18-4DA4D16889FC}.Debug|Any CPU.ActiveCfg = Debug|Any CPU
		{F65BD872-F15A-46FD-BE18-4DA4D16889FC}.Debug|Any CPU.Build.0 = Debug|Any CPU
		{F65BD872-F15A-46FD-BE18-4DA4D16889FC}.Release|Any CPU.ActiveCfg = Release|Any CPU
		{F65BD872-F15A-46FD-BE18-4DA4D16889FC}.Release|Any CPU.Build.0 = Release|Any CPU
	EndGlobalSection
EndGlobal
